// !$*UTF8*$!
{
	archiveVersion = 1;
	classes = {
	};
	objectVersion = 56;
	objects = {

/* Begin PBXBuildFile section */
		174683172BA41EF200EA0EFE /* viagemTableViewCell.swift in Sources */ = {isa = PBXBuildFile; fileRef = 174683152BA41EF100EA0EFE /* viagemTableViewCell.swift */; };
		174683182BA41EF200EA0EFE /* viagemTableViewCell.xib in Resources */ = {isa = PBXBuildFile; fileRef = 174683162BA41EF100EA0EFE /* viagemTableViewCell.xib */; };
		1746831B2BA4DC8F00EA0EFE /* server-response.json in Resources */ = {isa = PBXBuildFile; fileRef = 1746831A2BA4DC8F00EA0EFE /* server-response.json */; };
		1746831D2BA4E9D100EA0EFE /* DecodableData.swift in Sources */ = {isa = PBXBuildFile; fileRef = 1746831C2BA4E9D100EA0EFE /* DecodableData.swift */; };
		1746831F2BA4E9FF00EA0EFE /* TiposDeViagens.swift in Sources */ = {isa = PBXBuildFile; fileRef = 1746831E2BA4E9FF00EA0EFE /* TiposDeViagens.swift */; };
		174683212BA4EA2A00EA0EFE /* Viagem.swift in Sources */ = {isa = PBXBuildFile; fileRef = 174683202BA4EA2A00EA0EFE /* Viagem.swift */; };
		174683242BA4EB0900EA0EFE /* UIView+Extension.swift in Sources */ = {isa = PBXBuildFile; fileRef = 174683232BA4EB0900EA0EFE /* UIView+Extension.swift */; };
		174683262BA4EC4300EA0EFE /* ViagemViewModel.swift in Sources */ = {isa = PBXBuildFile; fileRef = 174683252BA4EC4300EA0EFE /* ViagemViewModel.swift */; };
		174683282BA4EEBC00EA0EFE /* ViagemDestaqueViewModel.swift in Sources */ = {isa = PBXBuildFile; fileRef = 174683272BA4EEBC00EA0EFE /* ViagemDestaqueViewModel.swift */; };
		17E1EEE92BA3D35200FC8FBE /* AppDelegate.swift in Sources */ = {isa = PBXBuildFile; fileRef = 17E1EEE82BA3D35200FC8FBE /* AppDelegate.swift */; };
		17E1EEEB2BA3D35200FC8FBE /* SceneDelegate.swift in Sources */ = {isa = PBXBuildFile; fileRef = 17E1EEEA2BA3D35200FC8FBE /* SceneDelegate.swift */; };
		17E1EEED2BA3D35200FC8FBE /* ViewController.swift in Sources */ = {isa = PBXBuildFile; fileRef = 17E1EEEC2BA3D35200FC8FBE /* ViewController.swift */; };
		17E1EEF02BA3D35200FC8FBE /* Main.storyboard in Resources */ = {isa = PBXBuildFile; fileRef = 17E1EEEE2BA3D35200FC8FBE /* Main.storyboard */; };
		17E1EEF22BA3D35400FC8FBE /* Assets.xcassets in Resources */ = {isa = PBXBuildFile; fileRef = 17E1EEF12BA3D35400FC8FBE /* Assets.xcassets */; };
		17E1EEF52BA3D35400FC8FBE /* LaunchScreen.storyboard in Resources */ = {isa = PBXBuildFile; fileRef = 17E1EEF32BA3D35400FC8FBE /* LaunchScreen.storyboard */; };
		17E1EEFD2BA3D99E00FC8FBE /* HomeTableViewHeader.xib in Resources */ = {isa = PBXBuildFile; fileRef = 17E1EEFC2BA3D99E00FC8FBE /* HomeTableViewHeader.xib */; };
		17E1EEFF2BA3DF0B00FC8FBE /* HomeTableViewHeader.swift in Sources */ = {isa = PBXBuildFile; fileRef = 17E1EEFE2BA3DF0B00FC8FBE /* HomeTableViewHeader.swift */; };
/* End PBXBuildFile section */

/* Begin PBXFileReference section */
		174683152BA41EF100EA0EFE /* viagemTableViewCell.swift */ = {isa = PBXFileReference; lastKnownFileType = sourcecode.swift; path = viagemTableViewCell.swift; sourceTree = "<group>"; };
		174683162BA41EF100EA0EFE /* viagemTableViewCell.xib */ = {isa = PBXFileReference; lastKnownFileType = file.xib; path = viagemTableViewCell.xib; sourceTree = "<group>"; };
		1746831A2BA4DC8F00EA0EFE /* server-response.json */ = {isa = PBXFileReference; fileEncoding = 4; lastKnownFileType = text.json; name = "server-response.json"; path = "../../../../Downloads/Arquivos Swift/arquivos/server-response.json"; sourceTree = "<group>"; };
		1746831C2BA4E9D100EA0EFE /* DecodableData.swift */ = {isa = PBXFileReference; fileEncoding = 4; lastKnownFileType = sourcecode.swift; name = DecodableData.swift; path = "../../../../Downloads/Arquivos Swift/arquivos/DecodableData.swift"; sourceTree = "<group>"; };
		1746831E2BA4E9FF00EA0EFE /* TiposDeViagens.swift */ = {isa = PBXFileReference; fileEncoding = 4; lastKnownFileType = sourcecode.swift; name = TiposDeViagens.swift; path = "../../../../Downloads/Arquivos Swift/arquivos/TiposDeViagens.swift"; sourceTree = "<group>"; };
		174683202BA4EA2A00EA0EFE /* Viagem.swift */ = {isa = PBXFileReference; fileEncoding = 4; lastKnownFileType = sourcecode.swift; name = Viagem.swift; path = "../../../../Downloads/Arquivos Swift/arquivos/Viagem.swift"; sourceTree = "<group>"; };
		174683232BA4EB0900EA0EFE /* UIView+Extension.swift */ = {isa = PBXFileReference; fileEncoding = 4; lastKnownFileType = sourcecode.swift; name = "UIView+Extension.swift"; path = "../../../../Downloads/Arquivos Swift/arquivos/UIView+Extension.swift"; sourceTree = "<group>"; };
		174683252BA4EC4300EA0EFE /* ViagemViewModel.swift */ = {isa = PBXFileReference; lastKnownFileType = sourcecode.swift; path = ViagemViewModel.swift; sourceTree = "<group>"; };
		174683272BA4EEBC00EA0EFE /* ViagemDestaqueViewModel.swift */ = {isa = PBXFileReference; lastKnownFileType = sourcecode.swift; path = ViagemDestaqueViewModel.swift; sourceTree = "<group>"; };
		17E1EEE52BA3D35200FC8FBE /* AluraViagens.app */ = {isa = PBXFileReference; explicitFileType = wrapper.application; includeInIndex = 0; path = AluraViagens.app; sourceTree = BUILT_PRODUCTS_DIR; };
		17E1EEE82BA3D35200FC8FBE /* AppDelegate.swift */ = {isa = PBXFileReference; lastKnownFileType = sourcecode.swift; path = AppDelegate.swift; sourceTree = "<group>"; };
		17E1EEEA2BA3D35200FC8FBE /* SceneDelegate.swift */ = {isa = PBXFileReference; lastKnownFileType = sourcecode.swift; path = SceneDelegate.swift; sourceTree = "<group>"; };
		17E1EEEC2BA3D35200FC8FBE /* ViewController.swift */ = {isa = PBXFileReference; lastKnownFileType = sourcecode.swift; path = ViewController.swift; sourceTree = "<group>"; };
		17E1EEEF2BA3D35200FC8FBE /* Base */ = {isa = PBXFileReference; lastKnownFileType = file.storyboard; name = Base; path = Base.lproj/Main.storyboard; sourceTree = "<group>"; };
		17E1EEF12BA3D35400FC8FBE /* Assets.xcassets */ = {isa = PBXFileReference; lastKnownFileType = folder.assetcatalog; path = Assets.xcassets; sourceTree = "<group>"; };
		17E1EEF42BA3D35400FC8FBE /* Base */ = {isa = PBXFileReference; lastKnownFileType = file.storyboard; name = Base; path = Base.lproj/LaunchScreen.storyboard; sourceTree = "<group>"; };
		17E1EEF62BA3D35400FC8FBE /* Info.plist */ = {isa = PBXFileReference; lastKnownFileType = text.plist.xml; path = Info.plist; sourceTree = "<group>"; };
		17E1EEFC2BA3D99E00FC8FBE /* HomeTableViewHeader.xib */ = {isa = PBXFileReference; lastKnownFileType = file.xib; path = HomeTableViewHeader.xib; sourceTree = "<group>"; };
		17E1EEFE2BA3DF0B00FC8FBE /* HomeTableViewHeader.swift */ = {isa = PBXFileReference; lastKnownFileType = sourcecode.swift; path = HomeTableViewHeader.swift; sourceTree = "<group>"; };
/* End PBXFileReference section */

/* Begin PBXFrameworksBuildPhase section */
		17E1EEE22BA3D35200FC8FBE /* Frameworks */ = {
			isa = PBXFrameworksBuildPhase;
			buildActionMask = 2147483647;
			files = (
			);
			runOnlyForDeploymentPostprocessing = 0;
		};
/* End PBXFrameworksBuildPhase section */

/* Begin PBXGroup section */
		174683122BA41E4B00EA0EFE /* Cells */ = {
			isa = PBXGroup;
			children = (
				174683162BA41EF100EA0EFE /* viagemTableViewCell.xib */,
				174683152BA41EF100EA0EFE /* viagemTableViewCell.swift */,
			);
			path = Cells;
			sourceTree = "<group>";
		};
		174683192BA4DC2500EA0EFE /* Mock */ = {
			isa = PBXGroup;
			children = (
				1746831A2BA4DC8F00EA0EFE /* server-response.json */,
			);
			path = Mock;
			sourceTree = "<group>";
		};
		174683222BA4EA6B00EA0EFE /* Extensions */ = {
			isa = PBXGroup;
			children = (
				174683232BA4EB0900EA0EFE /* UIView+Extension.swift */,
			);
			path = Extensions;
			sourceTree = "<group>";
		};
		17E1EEDC2BA3D35200FC8FBE = {
			isa = PBXGroup;
			children = (
				17E1EEE72BA3D35200FC8FBE /* AluraViagens */,
				17E1EEE62BA3D35200FC8FBE /* Products */,
			);
			sourceTree = "<group>";
		};
		17E1EEE62BA3D35200FC8FBE /* Products */ = {
			isa = PBXGroup;
			children = (
				17E1EEE52BA3D35200FC8FBE /* AluraViagens.app */,
			);
			name = Products;
			sourceTree = "<group>";
		};
		17E1EEE72BA3D35200FC8FBE /* AluraViagens */ = {
			isa = PBXGroup;
			children = (
				17E1EF002BA40A3300FC8FBE /* AppDelegate */,
				17E1EF012BA40A6300FC8FBE /* Model */,
				17E1EF022BA40AFB00FC8FBE /* View */,
				174683222BA4EA6B00EA0EFE /* Extensions */,
				17E1EF042BA40B9F00FC8FBE /* ViewModel */,
				17E1EEF12BA3D35400FC8FBE /* Assets.xcassets */,
				174683192BA4DC2500EA0EFE /* Mock */,
				17E1EEF32BA3D35400FC8FBE /* LaunchScreen.storyboard */,
				17E1EEF62BA3D35400FC8FBE /* Info.plist */,
				174683122BA41E4B00EA0EFE /* Cells */,
			);
			path = AluraViagens;
			sourceTree = "<group>";
		};
		17E1EF002BA40A3300FC8FBE /* AppDelegate */ = {
			isa = PBXGroup;
			children = (
				17E1EEE82BA3D35200FC8FBE /* AppDelegate.swift */,
				17E1EEEA2BA3D35200FC8FBE /* SceneDelegate.swift */,
			);
			path = AppDelegate;
			sourceTree = "<group>";
		};
		17E1EF012BA40A6300FC8FBE /* Model */ = {
			isa = PBXGroup;
			children = (
				1746831C2BA4E9D100EA0EFE /* DecodableData.swift */,
				1746831E2BA4E9FF00EA0EFE /* TiposDeViagens.swift */,
				174683202BA4EA2A00EA0EFE /* Viagem.swift */,
			);
			path = Model;
			sourceTree = "<group>";
		};
		17E1EF022BA40AFB00FC8FBE /* View */ = {
			isa = PBXGroup;
			children = (
				17E1EF032BA40B6700FC8FBE /* Header */,
				17E1EEEE2BA3D35200FC8FBE /* Main.storyboard */,
				17E1EEEC2BA3D35200FC8FBE /* ViewController.swift */,
			);
			path = View;
			sourceTree = "<group>";
		};
		17E1EF032BA40B6700FC8FBE /* Header */ = {
			isa = PBXGroup;
			children = (
				17E1EEFE2BA3DF0B00FC8FBE /* HomeTableViewHeader.swift */,
				17E1EEFC2BA3D99E00FC8FBE /* HomeTableViewHeader.xib */,
			);
			path = Header;
			sourceTree = "<group>";
		};
		17E1EF042BA40B9F00FC8FBE /* ViewModel */ = {
			isa = PBXGroup;
			children = (
				174683252BA4EC4300EA0EFE /* ViagemViewModel.swift */,
				174683272BA4EEBC00EA0EFE /* ViagemDestaqueViewModel.swift */,
			);
			path = ViewModel;
			sourceTree = "<group>";
		};
/* End PBXGroup section */

/* Begin PBXNativeTarget section */
		17E1EEE42BA3D35200FC8FBE /* AluraViagens */ = {
			isa = PBXNativeTarget;
			buildConfigurationList = 17E1EEF92BA3D35400FC8FBE /* Build configuration list for PBXNativeTarget "AluraViagens" */;
			buildPhases = (
				17E1EEE12BA3D35200FC8FBE /* Sources */,
				17E1EEE22BA3D35200FC8FBE /* Frameworks */,
				17E1EEE32BA3D35200FC8FBE /* Resources */,
			);
			buildRules = (
			);
			dependencies = (
			);
			name = AluraViagens;
			productName = AluraViagens;
			productReference = 17E1EEE52BA3D35200FC8FBE /* AluraViagens.app */;
			productType = "com.apple.product-type.application";
		};
/* End PBXNativeTarget section */

/* Begin PBXProject section */
		17E1EEDD2BA3D35200FC8FBE /* Project object */ = {
			isa = PBXProject;
			attributes = {
				BuildIndependentTargetsInParallel = 1;
				LastSwiftUpdateCheck = 1520;
				LastUpgradeCheck = 1520;
				TargetAttributes = {
					17E1EEE42BA3D35200FC8FBE = {
						CreatedOnToolsVersion = 15.2;
					};
				};
			};
			buildConfigurationList = 17E1EEE02BA3D35200FC8FBE /* Build configuration list for PBXProject "AluraViagens" */;
			compatibilityVersion = "Xcode 14.0";
			developmentRegion = en;
			hasScannedForEncodings = 0;
			knownRegions = (
				en,
				Base,
			);
			mainGroup = 17E1EEDC2BA3D35200FC8FBE;
			productRefGroup = 17E1EEE62BA3D35200FC8FBE /* Products */;
			projectDirPath = "";
			projectRoot = "";
			targets = (
				17E1EEE42BA3D35200FC8FBE /* AluraViagens */,
			);
		};
/* End PBXProject section */

/* Begin PBXResourcesBuildPhase section */
		17E1EEE32BA3D35200FC8FBE /* Resources */ = {
			isa = PBXResourcesBuildPhase;
			buildActionMask = 2147483647;
			files = (
				17E1EEF52BA3D35400FC8FBE /* LaunchScreen.storyboard in Resources */,
				1746831B2BA4DC8F00EA0EFE /* server-response.json in Resources */,
				174683182BA41EF200EA0EFE /* viagemTableViewCell.xib in Resources */,
				17E1EEFD2BA3D99E00FC8FBE /* HomeTableViewHeader.xib in Resources */,
				17E1EEF22BA3D35400FC8FBE /* Assets.xcassets in Resources */,
				17E1EEF02BA3D35200FC8FBE /* Main.storyboard in Resources */,
			);
			runOnlyForDeploymentPostprocessing = 0;
		};
/* End PBXResourcesBuildPhase section */

/* Begin PBXSourcesBuildPhase section */
		17E1EEE12BA3D35200FC8FBE /* Sources */ = {
			isa = PBXSourcesBuildPhase;
			buildActionMask = 2147483647;
			files = (
				174683212BA4EA2A00EA0EFE /* Viagem.swift in Sources */,
				17E1EEED2BA3D35200FC8FBE /* ViewController.swift in Sources */,
				17E1EEFF2BA3DF0B00FC8FBE /* HomeTableViewHeader.swift in Sources */,
				174683242BA4EB0900EA0EFE /* UIView+Extension.swift in Sources */,
				1746831F2BA4E9FF00EA0EFE /* TiposDeViagens.swift in Sources */,
				174683172BA41EF200EA0EFE /* viagemTableViewCell.swift in Sources */,
				1746831D2BA4E9D100EA0EFE /* DecodableData.swift in Sources */,
				17E1EEE92BA3D35200FC8FBE /* AppDelegate.swift in Sources */,
				17E1EEEB2BA3D35200FC8FBE /* SceneDelegate.swift in Sources */,
				174683262BA4EC4300EA0EFE /* ViagemViewModel.swift in Sources */,
				174683282BA4EEBC00EA0EFE /* ViagemDestaqueViewModel.swift in Sources */,
			);
			runOnlyForDeploymentPostprocessing = 0;
		};
/* End PBXSourcesBuildPhase section */

/* Begin PBXVariantGroup section */
		17E1EEEE2BA3D35200FC8FBE /* Main.storyboard */ = {
			isa = PBXVariantGroup;
			children = (
				17E1EEEF2BA3D35200FC8FBE /* Base */,
			);
			name = Main.storyboard;
			sourceTree = "<group>";
		};
		17E1EEF32BA3D35400FC8FBE /* LaunchScreen.storyboard */ = {
			isa = PBXVariantGroup;
			children = (
				17E1EEF42BA3D35400FC8FBE /* Base */,
			);
			name = LaunchScreen.storyboard;
			sourceTree = "<group>";
		};
/* End PBXVariantGroup section */

/* Begin XCBuildConfiguration section */
		17E1EEF72BA3D35400FC8FBE /* Debug */ = {
			isa = XCBuildConfiguration;
			buildSettings = {
				ALWAYS_SEARCH_USER_PATHS = NO;
				ASSETCATALOG_COMPILER_GENERATE_SWIFT_ASSET_SYMBOL_EXTENSIONS = YES;
				CLANG_ANALYZER_NONNULL = YES;
				CLANG_ANALYZER_NUMBER_OBJECT_CONVERSION = YES_AGGRESSIVE;
				CLANG_CXX_LANGUAGE_STANDARD = "gnu++20";
				CLANG_ENABLE_MODULES = YES;
				CLANG_ENABLE_OBJC_ARC = YES;
				CLANG_ENABLE_OBJC_WEAK = YES;
				CLANG_WARN_BLOCK_CAPTURE_AUTORELEASING = YES;
				CLANG_WARN_BOOL_CONVERSION = YES;
				CLANG_WARN_COMMA = YES;
				CLANG_WARN_CONSTANT_CONVERSION = YES;
				CLANG_WARN_DEPRECATED_OBJC_IMPLEMENTATIONS = YES;
				CLANG_WARN_DIRECT_OBJC_ISA_USAGE = YES_ERROR;
				CLANG_WARN_DOCUMENTATION_COMMENTS = YES;
				CLANG_WARN_EMPTY_BODY = YES;
				CLANG_WARN_ENUM_CONVERSION = YES;
				CLANG_WARN_INFINITE_RECURSION = YES;
				CLANG_WARN_INT_CONVERSION = YES;
				CLANG_WARN_NON_LITERAL_NULL_CONVERSION = YES;
				CLANG_WARN_OBJC_IMPLICIT_RETAIN_SELF = YES;
				CLANG_WARN_OBJC_LITERAL_CONVERSION = YES;
				CLANG_WARN_OBJC_ROOT_CLASS = YES_ERROR;
				CLANG_WARN_QUOTED_INCLUDE_IN_FRAMEWORK_HEADER = YES;
				CLANG_WARN_RANGE_LOOP_ANALYSIS = YES;
				CLANG_WARN_STRICT_PROTOTYPES = YES;
				CLANG_WARN_SUSPICIOUS_MOVE = YES;
				CLANG_WARN_UNGUARDED_AVAILABILITY = YES_AGGRESSIVE;
				CLANG_WARN_UNREACHABLE_CODE = YES;
				CLANG_WARN__DUPLICATE_METHOD_MATCH = YES;
				COPY_PHASE_STRIP = NO;
				DEBUG_INFORMATION_FORMAT = dwarf;
				ENABLE_STRICT_OBJC_MSGSEND = YES;
				ENABLE_TESTABILITY = YES;
				ENABLE_USER_SCRIPT_SANDBOXING = YES;
				GCC_C_LANGUAGE_STANDARD = gnu17;
				GCC_DYNAMIC_NO_PIC = NO;
				GCC_NO_COMMON_BLOCKS = YES;
				GCC_OPTIMIZATION_LEVEL = 0;
				GCC_PREPROCESSOR_DEFINITIONS = (
					"DEBUG=1",
					"$(inherited)",
				);
				GCC_WARN_64_TO_32_BIT_CONVERSION = YES;
				GCC_WARN_ABOUT_RETURN_TYPE = YES_ERROR;
				GCC_WARN_UNDECLARED_SELECTOR = YES;
				GCC_WARN_UNINITIALIZED_AUTOS = YES_AGGRESSIVE;
				GCC_WARN_UNUSED_FUNCTION = YES;
				GCC_WARN_UNUSED_VARIABLE = YES;
				IPHONEOS_DEPLOYMENT_TARGET = 17.2;
				LOCALIZATION_PREFERS_STRING_CATALOGS = YES;
				MTL_ENABLE_DEBUG_INFO = INCLUDE_SOURCE;
				MTL_FAST_MATH = YES;
				ONLY_ACTIVE_ARCH = YES;
				SDKROOT = iphoneos;
				SWIFT_ACTIVE_COMPILATION_CONDITIONS = "DEBUG $(inherited)";
				SWIFT_OPTIMIZATION_LEVEL = "-Onone";
			};
			name = Debug;
		};
		17E1EEF82BA3D35400FC8FBE /* Release */ = {
			isa = XCBuildConfiguration;
			buildSettings = {
				ALWAYS_SEARCH_USER_PATHS = NO;
				ASSETCATALOG_COMPILER_GENERATE_SWIFT_ASSET_SYMBOL_EXTENSIONS = YES;
				CLANG_ANALYZER_NONNULL = YES;
				CLANG_ANALYZER_NUMBER_OBJECT_CONVERSION = YES_AGGRESSIVE;
				CLANG_CXX_LANGUAGE_STANDARD = "gnu++20";
				CLANG_ENABLE_MODULES = YES;
				CLANG_ENABLE_OBJC_ARC = YES;
				CLANG_ENABLE_OBJC_WEAK = YES;
				CLANG_WARN_BLOCK_CAPTURE_AUTORELEASING = YES;
				CLANG_WARN_BOOL_CONVERSION = YES;
				CLANG_WARN_COMMA = YES;
				CLANG_WARN_CONSTANT_CONVERSION = YES;
				CLANG_WARN_DEPRECATED_OBJC_IMPLEMENTATIONS = YES;
				CLANG_WARN_DIRECT_OBJC_ISA_USAGE = YES_ERROR;
				CLANG_WARN_DOCUMENTATION_COMMENTS = YES;
				CLANG_WARN_EMPTY_BODY = YES;
				CLANG_WARN_ENUM_CONVERSION = YES;
				CLANG_WARN_INFINITE_RECURSION = YES;
				CLANG_WARN_INT_CONVERSION = YES;
				CLANG_WARN_NON_LITERAL_NULL_CONVERSION = YES;
				CLANG_WARN_OBJC_IMPLICIT_RETAIN_SELF = YES;
				CLANG_WARN_OBJC_LITERAL_CONVERSION = YES;
				CLANG_WARN_OBJC_ROOT_CLASS = YES_ERROR;
				CLANG_WARN_QUOTED_INCLUDE_IN_FRAMEWORK_HEADER = YES;
				CLANG_WARN_RANGE_LOOP_ANALYSIS = YES;
				CLANG_WARN_STRICT_PROTOTYPES = YES;
				CLANG_WARN_SUSPICIOUS_MOVE = YES;
				CLANG_WARN_UNGUARDED_AVAILABILITY = YES_AGGRESSIVE;
				CLANG_WARN_UNREACHABLE_CODE = YES;
				CLANG_WARN__DUPLICATE_METHOD_MATCH = YES;
				COPY_PHASE_STRIP = NO;
				DEBUG_INFORMATION_FORMAT = "dwarf-with-dsym";
				ENABLE_NS_ASSERTIONS = NO;
				ENABLE_STRICT_OBJC_MSGSEND = YES;
				ENABLE_USER_SCRIPT_SANDBOXING = YES;
				GCC_C_LANGUAGE_STANDARD = gnu17;
				GCC_NO_COMMON_BLOCKS = YES;
				GCC_WARN_64_TO_32_BIT_CONVERSION = YES;
				GCC_WARN_ABOUT_RETURN_TYPE = YES_ERROR;
				GCC_WARN_UNDECLARED_SELECTOR = YES;
				GCC_WARN_UNINITIALIZED_AUTOS = YES_AGGRESSIVE;
				GCC_WARN_UNUSED_FUNCTION = YES;
				GCC_WARN_UNUSED_VARIABLE = YES;
				IPHONEOS_DEPLOYMENT_TARGET = 17.2;
				LOCALIZATION_PREFERS_STRING_CATALOGS = YES;
				MTL_ENABLE_DEBUG_INFO = NO;
				MTL_FAST_MATH = YES;
				SDKROOT = iphoneos;
				SWIFT_COMPILATION_MODE = wholemodule;
				VALIDATE_PRODUCT = YES;
			};
			name = Release;
		};
		17E1EEFA2BA3D35400FC8FBE /* Debug */ = {
			isa = XCBuildConfiguration;
			buildSettings = {
				ASSETCATALOG_COMPILER_APPICON_NAME = AppIcon;
				ASSETCATALOG_COMPILER_GLOBAL_ACCENT_COLOR_NAME = AccentColor;
				CODE_SIGN_STYLE = Automatic;
				CURRENT_PROJECT_VERSION = 1;
				DEVELOPMENT_TEAM = 77CYG6HJ4F;
				GENERATE_INFOPLIST_FILE = YES;
				INFOPLIST_FILE = AluraViagens/Info.plist;
				INFOPLIST_KEY_UIApplicationSupportsIndirectInputEvents = YES;
				INFOPLIST_KEY_UILaunchStoryboardName = LaunchScreen;
				INFOPLIST_KEY_UIMainStoryboardFile = Main;
				INFOPLIST_KEY_UISupportedInterfaceOrientations_iPad = "UIInterfaceOrientationPortrait UIInterfaceOrientationPortraitUpsideDown UIInterfaceOrientationLandscapeLeft UIInterfaceOrientationLandscapeRight";
				INFOPLIST_KEY_UISupportedInterfaceOrientations_iPhone = "UIInterfaceOrientationPortrait UIInterfaceOrientationLandscapeLeft UIInterfaceOrientationLandscapeRight";
				IPHONEOS_DEPLOYMENT_TARGET = 16.2;
				LD_RUNPATH_SEARCH_PATHS = (
					"$(inherited)",
					"@executable_path/Frameworks",
				);
				MARKETING_VERSION = 1.0;
				PRODUCT_BUNDLE_IDENTIFIER = renegirresse.AluraViagens;
				PRODUCT_NAME = "$(TARGET_NAME)";
				SWIFT_EMIT_LOC_STRINGS = YES;
				SWIFT_VERSION = 5.0;
				TARGETED_DEVICE_FAMILY = "1,2";
			};
			name = Debug;
		};
		17E1EEFB2BA3D35400FC8FBE /* Release */ = {
			isa = XCBuildConfiguration;
			buildSettings = {
				ASSETCATALOG_COMPILER_APPICON_NAME = AppIcon;
				ASSETCATALOG_COMPILER_GLOBAL_ACCENT_COLOR_NAME = AccentColor;
				CODE_SIGN_STYLE = Automatic;
				CURRENT_PROJECT_VERSION = 1;
				DEVELOPMENT_TEAM = 77CYG6HJ4F;
				GENERATE_INFOPLIST_FILE = YES;
				INFOPLIST_FILE = AluraViagens/Info.plist;
				INFOPLIST_KEY_UIApplicationSupportsIndirectInputEvents = YES;
				INFOPLIST_KEY_UILaunchStoryboardName = LaunchScreen;
				INFOPLIST_KEY_UIMainStoryboardFile = Main;
				INFOPLIST_KEY_UISupportedInterfaceOrientations_iPad = "UIInterfaceOrientationPortrait UIInterfaceOrientationPortraitUpsideDown UIInterfaceOrientationLandscapeLeft UIInterfaceOrientationLandscapeRight";
				INFOPLIST_KEY_UISupportedInterfaceOrientations_iPhone = "UIInterfaceOrientationPortrait UIInterfaceOrientationLandscapeLeft UIInterfaceOrientationLandscapeRight";
				IPHONEOS_DEPLOYMENT_TARGET = 16.2;
				LD_RUNPATH_SEARCH_PATHS = (
					"$(inherited)",
					"@executable_path/Frameworks",
				);
				MARKETING_VERSION = 1.0;
				PRODUCT_BUNDLE_IDENTIFIER = renegirresse.AluraViagens;
				PRODUCT_NAME = "$(TARGET_NAME)";
				SWIFT_EMIT_LOC_STRINGS = YES;
				SWIFT_VERSION = 5.0;
				TARGETED_DEVICE_FAMILY = "1,2";
			};
			name = Release;
		};
/* End XCBuildConfiguration section */

/* Begin XCConfigurationList section */
		17E1EEE02BA3D35200FC8FBE /* Build configuration list for PBXProject "AluraViagens" */ = {
			isa = XCConfigurationList;
			buildConfigurations = (
				17E1EEF72BA3D35400FC8FBE /* Debug */,
				17E1EEF82BA3D35400FC8FBE /* Release */,
			);
			defaultConfigurationIsVisible = 0;
			defaultConfigurationName = Release;
		};
		17E1EEF92BA3D35400FC8FBE /* Build configuration list for PBXNativeTarget "AluraViagens" */ = {
			isa = XCConfigurationList;
			buildConfigurations = (
				17E1EEFA2BA3D35400FC8FBE /* Debug */,
				17E1EEFB2BA3D35400FC8FBE /* Release */,
			);
			defaultConfigurationIsVisible = 0;
			defaultConfigurationName = Release;
		};
/* End XCConfigurationList section */
	};
	rootObject = 17E1EEDD2BA3D35200FC8FBE /* Project object */;
}
